
Microsoft Visual Studio Solution File, Format Version 12.00
# Visual Studio Version 16
VisualStudioVersion = 16.0.28729.10
MinimumVisualStudioVersion = 10.0.40219.1
Project("{FAE04EC0-301F-11D3-BF4B-00C04F79EFBC}") = "Editor", "Editor\Editor.csproj", "{25E6420D-72CF-4082-A0B4-0C7727D3A702}"
EndProject
Project("{FAE04EC0-301F-11D3-BF4B-00C04F79EFBC}") = "WCommon", "WCommon\WCommon.csproj", "{E8AF46CC-76DC-4541-A578-5067EAD07087}"
EndProject
Project("{FAE04EC0-301F-11D3-BF4B-00C04F79EFBC}") = "ArchiveToolsLib", "WArchive-Tools\ArchiveToolsLib\ArchiveToolsLib.csproj", "{B715685D-1603-4CE3-8EA1-552B01C2BA4B}"
EndProject
Project("{FAE04EC0-301F-11D3-BF4B-00C04F79EFBC}") = "JStudio", "JStudio\JStudio.csproj", "{B90410AE-BB67-4D7A-B4F5-7209CB357A44}"
EndProject
Project("{FAE04EC0-301F-11D3-BF4B-00C04F79EFBC}") = "BulkDataProcessingScripts", "BulkDataProcessingScripts\BulkDataProcessingScripts.csproj", "{50C00928-4B9E-4AFD-92B5-0EAF2CF4FD30}"
EndProject
Project("{FAE04EC0-301F-11D3-BF4B-00C04F79EFBC}") = "SuperBMDLib", "SuperBMD\SuperBMDLib\SuperBMDLib.csproj", "{828BE5E5-9E98-46C9-B63E-D2D03322A825}"
EndProject
Project("{FAE04EC0-301F-11D3-BF4B-00C04F79EFBC}") = "GameFormatReader", "GameFormatReader\GameFormatReader\GameFormatReader.csproj", "{AFCE536D-92FF-4EE5-8536-731D2CD5FBCA}"
EndProject
Project("{2150E333-8FDC-42A3-9474-1A3956D46DE8}") = "Solution Items", "Solution Items", "{311DF9BE-6B45-4363-9ADE-D9FDC3D517BC}"
	ProjectSection(SolutionItems) = preProject
		.editorconfig = .editorconfig
	EndProjectSection
EndProject
Global
	GlobalSection(SolutionConfigurationPlatforms) = preSolution
		Debug|Any CPU = Debug|Any CPU
		Debug|Mixed Platforms = Debug|Mixed Platforms
		Debug|x64 = Debug|x64
		Debug|x86 = Debug|x86
		Release|Any CPU = Release|Any CPU
		Release|Mixed Platforms = Release|Mixed Platforms
		Release|x64 = Release|x64
		Release|x86 = Release|x86
	EndGlobalSection
	GlobalSection(ProjectConfigurationPlatforms) = postSolution
		{25E6420D-72CF-4082-A0B4-0C7727D3A702}.Debug|Any CPU.ActiveCfg = Debug|Any CPU
		{25E6420D-72CF-4082-A0B4-0C7727D3A702}.Debug|Any CPU.Build.0 = Debug|Any CPU
		{25E6420D-72CF-4082-A0B4-0C7727D3A702}.Debug|Mixed Platforms.ActiveCfg = Debug|x86
		{25E6420D-72CF-4082-A0B4-0C7727D3A702}.Debug|Mixed Platforms.Build.0 = Debug|x86
		{25E6420D-72CF-4082-A0B4-0C7727D3A702}.Debug|x64.ActiveCfg = Debug|x64
		{25E6420D-72CF-4082-A0B4-0C7727D3A702}.Debug|x64.Build.0 = Debug|x64
		{25E6420D-72CF-4082-A0B4-0C7727D3A702}.Debug|x86.ActiveCfg = Debug|x86
		{25E6420D-72CF-4082-A0B4-0C7727D3A702}.Debug|x86.Build.0 = Debug|x86
		{25E6420D-72CF-4082-A0B4-0C7727D3A702}.Release|Any CPU.ActiveCfg = Release|Any CPU
		{25E6420D-72CF-4082-A0B4-0C7727D3A702}.Release|Any CPU.Build.0 = Release|Any CPU
		{25E6420D-72CF-4082-A0B4-0C7727D3A702}.Release|Mixed Platforms.ActiveCfg = Release|x86
		{25E6420D-72CF-4082-A0B4-0C7727D3A702}.Release|Mixed Platforms.Build.0 = Release|x86
		{25E6420D-72CF-4082-A0B4-0C7727D3A702}.Release|x64.ActiveCfg = Release|x64
		{25E6420D-72CF-4082-A0B4-0C7727D3A702}.Release|x64.Build.0 = Release|x64
		{25E6420D-72CF-4082-A0B4-0C7727D3A702}.Release|x86.ActiveCfg = Release|x86
		{25E6420D-72CF-4082-A0B4-0C7727D3A702}.Release|x86.Build.0 = Release|x86
		{E8AF46CC-76DC-4541-A578-5067EAD07087}.Debug|Any CPU.ActiveCfg = Debug|Any CPU
		{E8AF46CC-76DC-4541-A578-5067EAD07087}.Debug|Any CPU.Build.0 = Debug|Any CPU
		{E8AF46CC-76DC-4541-A578-5067EAD07087}.Debug|Mixed Platforms.ActiveCfg = Debug|Any CPU
		{E8AF46CC-76DC-4541-A578-5067EAD07087}.Debug|Mixed Platforms.Build.0 = Debug|Any CPU
		{E8AF46CC-76DC-4541-A578-5067EAD07087}.Debug|x64.ActiveCfg = Debug|x64
		{E8AF46CC-76DC-4541-A578-5067EAD07087}.Debug|x64.Build.0 = Debug|x64
		{E8AF46CC-76DC-4541-A578-5067EAD07087}.Debug|x86.ActiveCfg = Debug|Any CPU
		{E8AF46CC-76DC-4541-A578-5067EAD07087}.Debug|x86.Build.0 = Debug|Any CPU
		{E8AF46CC-76DC-4541-A578-5067EAD07087}.Release|Any CPU.ActiveCfg = Release|Any CPU
		{E8AF46CC-76DC-4541-A578-5067EAD07087}.Release|Any CPU.Build.0 = Release|Any CPU
		{E8AF46CC-76DC-4541-A578-5067EAD07087}.Release|Mixed Platforms.ActiveCfg = Release|Any CPU
		{E8AF46CC-76DC-4541-A578-5067EAD07087}.Release|Mixed Platforms.Build.0 = Release|Any CPU
		{E8AF46CC-76DC-4541-A578-5067EAD07087}.Release|x64.ActiveCfg = Release|x64
		{E8AF46CC-76DC-4541-A578-5067EAD07087}.Release|x64.Build.0 = Release|x64
		{E8AF46CC-76DC-4541-A578-5067EAD07087}.Release|x86.ActiveCfg = Release|Any CPU
		{E8AF46CC-76DC-4541-A578-5067EAD07087}.Release|x86.Build.0 = Release|Any CPU
		{B715685D-1603-4CE3-8EA1-552B01C2BA4B}.Debug|Any CPU.ActiveCfg = Debug|Any CPU
		{B715685D-1603-4CE3-8EA1-552B01C2BA4B}.Debug|Any CPU.Build.0 = Debug|Any CPU
		{B715685D-1603-4CE3-8EA1-552B01C2BA4B}.Debug|Mixed Platforms.ActiveCfg = Debug|Any CPU
		{B715685D-1603-4CE3-8EA1-552B01C2BA4B}.Debug|Mixed Platforms.Build.0 = Debug|Any CPU
		{B715685D-1603-4CE3-8EA1-552B01C2BA4B}.Debug|x64.ActiveCfg = Debug|Any CPU
		{B715685D-1603-4CE3-8EA1-552B01C2BA4B}.Debug|x64.Build.0 = Debug|Any CPU
		{B715685D-1603-4CE3-8EA1-552B01C2BA4B}.Debug|x86.ActiveCfg = Debug|Any CPU
		{B715685D-1603-4CE3-8EA1-552B01C2BA4B}.Debug|x86.Build.0 = Debug|Any CPU
		{B715685D-1603-4CE3-8EA1-552B01C2BA4B}.Release|Any CPU.ActiveCfg = Release|Any CPU
		{B715685D-1603-4CE3-8EA1-552B01C2BA4B}.Release|Any CPU.Build.0 = Release|Any CPU
		{B715685D-1603-4CE3-8EA1-552B01C2BA4B}.Release|Mixed Platforms.ActiveCfg = Release|Any CPU
		{B715685D-1603-4CE3-8EA1-552B01C2BA4B}.Release|Mixed Platforms.Build.0 = Release|Any CPU
		{B715685D-1603-4CE3-8EA1-552B01C2BA4B}.Release|x64.ActiveCfg = Release|Any CPU
		{B715685D-1603-4CE3-8EA1-552B01C2BA4B}.Release|x64.Build.0 = Release|Any CPU
		{B715685D-1603-4CE3-8EA1-552B01C2BA4B}.Release|x86.ActiveCfg = Release|Any CPU
		{B715685D-1603-4CE3-8EA1-552B01C2BA4B}.Release|x86.Build.0 = Release|Any CPU
		{B90410AE-BB67-4D7A-B4F5-7209CB357A44}.Debug|Any CPU.ActiveCfg = Debug|Any CPU
		{B90410AE-BB67-4D7A-B4F5-7209CB357A44}.Debug|Any CPU.Build.0 = Debug|Any CPU
		{B90410AE-BB67-4D7A-B4F5-7209CB357A44}.Debug|Mixed Platforms.ActiveCfg = Debug|Any CPU
		{B90410AE-BB67-4D7A-B4F5-7209CB357A44}.Debug|Mixed Platforms.Build.0 = Debug|Any CPU
		{B90410AE-BB67-4D7A-B4F5-7209CB357A44}.Debug|x64.ActiveCfg = Debug|x64
		{B90410AE-BB67-4D7A-B4F5-7209CB357A44}.Debug|x64.Build.0 = Debug|x64
		{B90410AE-BB67-4D7A-B4F5-7209CB357A44}.Debug|x86.ActiveCfg = Debug|Any CPU
		{B90410AE-BB67-4D7A-B4F5-7209CB357A44}.Debug|x86.Build.0 = Debug|Any CPU
		{B90410AE-BB67-4D7A-B4F5-7209CB357A44}.Release|Any CPU.ActiveCfg = Release|Any CPU
		{B90410AE-BB67-4D7A-B4F5-7209CB357A44}.Release|Any CPU.Build.0 = Release|Any CPU
		{B90410AE-BB67-4D7A-B4F5-7209CB357A44}.Release|Mixed Platforms.ActiveCfg = Release|Any CPU
		{B90410AE-BB67-4D7A-B4F5-7209CB357A44}.Release|Mixed Platforms.Build.0 = Release|Any CPU
		{B90410AE-BB67-4D7A-B4F5-7209CB357A44}.Release|x64.ActiveCfg = Release|x64
		{B90410AE-BB67-4D7A-B4F5-7209CB357A44}.Release|x64.Build.0 = Release|x64
		{B90410AE-BB67-4D7A-B4F5-7209CB357A44}.Release|x86.ActiveCfg = Release|Any CPU
		{B90410AE-BB67-4D7A-B4F5-7209CB357A44}.Release|x86.Build.0 = Release|Any CPU
		{50C00928-4B9E-4AFD-92B5-0EAF2CF4FD30}.Debug|Any CPU.ActiveCfg = Debug|Any CPU
		{50C00928-4B9E-4AFD-92B5-0EAF2CF4FD30}.Debug|Any CPU.Build.0 = Debug|Any CPU
		{50C00928-4B9E-4AFD-92B5-0EAF2CF4FD30}.Debug|Mixed Platforms.ActiveCfg = Debug|Any CPU
		{50C00928-4B9E-4AFD-92B5-0EAF2CF4FD30}.Debug|Mixed Platforms.Build.0 = Debug|Any CPU
		{50C00928-4B9E-4AFD-92B5-0EAF2CF4FD30}.Debug|x64.ActiveCfg = Debug|x64
		{50C00928-4B9E-4AFD-92B5-0EAF2CF4FD30}.Debug|x64.Build.0 = Debug|x64
		{50C00928-4B9E-4AFD-92B5-0EAF2CF4FD30}.Debug|x86.ActiveCfg = Debug|Any CPU
		{50C00928-4B9E-4AFD-92B5-0EAF2CF4FD30}.Debug|x86.Build.0 = Debug|Any CPU
		{50C00928-4B9E-4AFD-92B5-0EAF2CF4FD30}.Release|Any CPU.ActiveCfg = Release|Any CPU
		{50C00928-4B9E-4AFD-92B5-0EAF2CF4FD30}.Release|Any CPU.Build.0 = Release|Any CPU
		{50C00928-4B9E-4AFD-92B5-0EAF2CF4FD30}.Release|Mixed Platforms.ActiveCfg = Release|Any CPU
		{50C00928-4B9E-4AFD-92B5-0EAF2CF4FD30}.Release|Mixed Platforms.Build.0 = Release|Any CPU
		{50C00928-4B9E-4AFD-92B5-0EAF2CF4FD30}.Release|x64.ActiveCfg = Release|x64
		{50C00928-4B9E-4AFD-92B5-0EAF2CF4FD30}.Release|x64.Build.0 = Release|x64
		{50C00928-4B9E-4AFD-92B5-0EAF2CF4FD30}.Release|x86.ActiveCfg = Release|Any CPU
		{50C00928-4B9E-4AFD-92B5-0EAF2CF4FD30}.Release|x86.Build.0 = Release|Any CPU
		{828BE5E5-9E98-46C9-B63E-D2D03322A825}.Debug|Any CPU.ActiveCfg = Debug|Any CPU
		{828BE5E5-9E98-46C9-B63E-D2D03322A825}.Debug|Any CPU.Build.0 = Debug|Any CPU
		{828BE5E5-9E98-46C9-B63E-D2D03322A825}.Debug|Mixed Platforms.ActiveCfg = Debug|Any CPU
		{828BE5E5-9E98-46C9-B63E-D2D03322A825}.Debug|Mixed Platforms.Build.0 = Debug|Any CPU
		{828BE5E5-9E98-46C9-B63E-D2D03322A825}.Debug|x64.ActiveCfg = Debug|Any CPU
		{828BE5E5-9E98-46C9-B63E-D2D03322A825}.Debug|x64.Build.0 = Debug|Any CPU
		{828BE5E5-9E98-46C9-B63E-D2D03322A825}.Debug|x86.ActiveCfg = Debug|Any CPU
		{828BE5E5-9E98-46C9-B63E-D2D03322A825}.Debug|x86.Build.0 = Debug|Any CPU
		{828BE5E5-9E98-46C9-B63E-D2D03322A825}.Release|Any CPU.ActiveCfg = Release|Any CPU
		{828BE5E5-9E98-46C9-B63E-D2D03322A825}.Release|Any CPU.Build.0 = Release|Any CPU
		{828BE5E5-9E98-46C9-B63E-D2D03322A825}.Release|Mixed Platforms.ActiveCfg = Release|Any CPU
		{828BE5E5-9E98-46C9-B63E-D2D03322A825}.Release|Mixed Platforms.Build.0 = Release|Any CPU
		{828BE5E5-9E98-46C9-B63E-D2D03322A825}.Release|x64.ActiveCfg = Release|Any CPU
		{828BE5E5-9E98-46C9-B63E-D2D03322A825}.Release|x64.Build.0 = Release|Any CPU
		{828BE5E5-9E98-46C9-B63E-D2D03322A825}.Release|x86.ActiveCfg = Release|Any CPU
		{828BE5E5-9E98-46C9-B63E-D2D03322A825}.Release|x86.Build.0 = Release|Any CPU
		{AFCE536D-92FF-4EE5-8536-731D2CD5FBCA}.Debug|Any CPU.ActiveCfg = Debug|Any CPU
		{AFCE536D-92FF-4EE5-8536-731D2CD5FBCA}.Debug|Any CPU.Build.0 = Debug|Any CPU
		{AFCE536D-92FF-4EE5-8536-731D2CD5FBCA}.Debug|Mixed Platforms.ActiveCfg = Debug|Any CPU
		{AFCE536D-92FF-4EE5-8536-731D2CD5FBCA}.Debug|Mixed Platforms.Build.0 = Debug|Any CPU
		{AFCE536D-92FF-4EE5-8536-731D2CD5FBCA}.Debug|x64.ActiveCfg = Debug|Any CPU
		{AFCE536D-92FF-4EE5-8536-731D2CD5FBCA}.Debug|x64.Build.0 = Debug|Any CPU
		{AFCE536D-92FF-4EE5-8536-731D2CD5FBCA}.Debug|x86.ActiveCfg = Debug|Any CPU
		{AFCE536D-92FF-4EE5-8536-731D2CD5FBCA}.Debug|x86.Build.0 = Debug|Any CPU
		{AFCE536D-92FF-4EE5-8536-731D2CD5FBCA}.Release|Any CPU.ActiveCfg = Release|Any CPU
		{AFCE536D-92FF-4EE5-8536-731D2CD5FBCA}.Release|Any CPU.Build.0 = Release|Any CPU
		{AFCE536D-92FF-4EE5-8536-731D2CD5FBCA}.Release|Mixed Platforms.ActiveCfg = Release|Any CPU
		{AFCE536D-92FF-4EE5-8536-731D2CD5FBCA}.Release|Mixed Platforms.Build.0 = Release|Any CPU
		{AFCE536D-92FF-4EE5-8536-731D2CD5FBCA}.Release|x64.ActiveCfg = Release|Any CPU
		{AFCE536D-92FF-4EE5-8536-731D2CD5FBCA}.Release|x64.Build.0 = Release|Any CPU
		{AFCE536D-92FF-4EE5-8536-731D2CD5FBCA}.Release|x86.ActiveCfg = Release|Any CPU
		{AFCE536D-92FF-4EE5-8536-731D2CD5FBCA}.Release|x86.Build.0 = Release|Any CPU
	EndGlobalSection
	GlobalSection(SolutionProperties) = preSolution
		HideSolutionNode = FALSE
	EndGlobalSection
	GlobalSection(ExtensibilityGlobals) = postSolution
		SolutionGuid = {C4738C61-E0E6-41B5-A80D-0A3506448933}
	EndGlobalSection
EndGlobal
