
Microsoft Visual Studio Solution File, Format Version 12.00
# Visual Studio Version 16
VisualStudioVersion = 16.0.28729.10
MinimumVisualStudioVersion = 10.0.40219.1
Project("{FAE04EC0-301F-11D3-BF4B-00C04F79EFBC}") = "Editor", "Editor\Editor.csproj", "{25E6420D-72CF-4082-A0B4-0C7727D3A702}"
EndProject
Project("{FAE04EC0-301F-11D3-BF4B-00C04F79EFBC}") = "WCommon", "WCommon\WCommon.csproj", "{E8AF46CC-76DC-4541-A578-5067EAD07087}"
EndProject
Project("{FAE04EC0-301F-11D3-BF4B-00C04F79EFBC}") = "ArchiveToolsLib", "WArchive-Tools\ArchiveToolsLib\ArchiveToolsLib.csproj", "{B715685D-1603-4CE3-8EA1-552B01C2BA4B}"
EndProject
Project("{FAE04EC0-301F-11D3-BF4B-00C04F79EFBC}") = "JStudio", "JStudio\JStudio.csproj", "{B90410AE-BB67-4D7A-B4F5-7209CB357A44}"
EndProject
Project("{FAE04EC0-301F-11D3-BF4B-00C04F79EFBC}") = "BulkDataProcessingScripts", "BulkDataProcessingScripts\BulkDataProcessingScripts.csproj", "{50C00928-4B9E-4AFD-92B5-0EAF2CF4FD30}"
EndProject
Project("{2150E333-8FDC-42A3-9474-1A3956D46DE8}") = "Themes", "Themes", "{8976E4A6-FF5F-44C5-AC57-FEDA249DD199}"
EndProject
Project("{FAE04EC0-301F-11D3-BF4B-00C04F79EFBC}") = "Xceed.Wpf.AvalonDock.Themes.VS2010", "wpftoolkit\ExtendedWPFToolkitSolution\Src\Xceed.Wpf.AvalonDock.Themes.VS2010\Xceed.Wpf.AvalonDock.Themes.VS2010.csproj", "{B3FC3E21-5F2D-4581-AEA2-59F671CFFC21}"
EndProject
Project("{FAE04EC0-301F-11D3-BF4B-00C04F79EFBC}") = "Xceed.Wpf.AvalonDock.Themes.Metro", "wpftoolkit\ExtendedWPFToolkitSolution\Src\Xceed.Wpf.AvalonDock.Themes.Metro\Xceed.Wpf.AvalonDock.Themes.Metro.csproj", "{89286EB4-B4A1-418C-839A-067B00F442D8}"
EndProject
Project("{FAE04EC0-301F-11D3-BF4B-00C04F79EFBC}") = "Xceed.Wpf.AvalonDock.Themes.Aero", "wpftoolkit\ExtendedWPFToolkitSolution\Src\Xceed.Wpf.AvalonDock.Themes.Aero\Xceed.Wpf.AvalonDock.Themes.Aero.csproj", "{BA72CCE0-A9FB-4995-B496-7FEC5C87B85B}"
EndProject
Global
	GlobalSection(SolutionConfigurationPlatforms) = preSolution
		Debug|Any CPU = Debug|Any CPU
		Debug|Mixed Platforms = Debug|Mixed Platforms
		Debug|x64 = Debug|x64
		Debug|x86 = Debug|x86
		Release|Any CPU = Release|Any CPU
		Release|Mixed Platforms = Release|Mixed Platforms
		Release|x64 = Release|x64
		Release|x86 = Release|x86
	EndGlobalSection
	GlobalSection(ProjectConfigurationPlatforms) = postSolution
		{25E6420D-72CF-4082-A0B4-0C7727D3A702}.Debug|Any CPU.ActiveCfg = Debug|Any CPU
		{25E6420D-72CF-4082-A0B4-0C7727D3A702}.Debug|Any CPU.Build.0 = Debug|Any CPU
		{25E6420D-72CF-4082-A0B4-0C7727D3A702}.Debug|Mixed Platforms.ActiveCfg = Debug|x86
		{25E6420D-72CF-4082-A0B4-0C7727D3A702}.Debug|Mixed Platforms.Build.0 = Debug|x86
		{25E6420D-72CF-4082-A0B4-0C7727D3A702}.Debug|x64.ActiveCfg = Debug|x64
		{25E6420D-72CF-4082-A0B4-0C7727D3A702}.Debug|x64.Build.0 = Debug|x64
		{25E6420D-72CF-4082-A0B4-0C7727D3A702}.Debug|x86.ActiveCfg = Debug|x86
		{25E6420D-72CF-4082-A0B4-0C7727D3A702}.Debug|x86.Build.0 = Debug|x86
		{25E6420D-72CF-4082-A0B4-0C7727D3A702}.Release|Any CPU.ActiveCfg = Release|Any CPU
		{25E6420D-72CF-4082-A0B4-0C7727D3A702}.Release|Any CPU.Build.0 = Release|Any CPU
		{25E6420D-72CF-4082-A0B4-0C7727D3A702}.Release|Mixed Platforms.ActiveCfg = Release|x86
		{25E6420D-72CF-4082-A0B4-0C7727D3A702}.Release|Mixed Platforms.Build.0 = Release|x86
		{25E6420D-72CF-4082-A0B4-0C7727D3A702}.Release|x64.ActiveCfg = Release|x64
		{25E6420D-72CF-4082-A0B4-0C7727D3A702}.Release|x64.Build.0 = Release|x64
		{25E6420D-72CF-4082-A0B4-0C7727D3A702}.Release|x86.ActiveCfg = Release|x86
		{25E6420D-72CF-4082-A0B4-0C7727D3A702}.Release|x86.Build.0 = Release|x86
		{E8AF46CC-76DC-4541-A578-5067EAD07087}.Debug|Any CPU.ActiveCfg = Debug|Any CPU
		{E8AF46CC-76DC-4541-A578-5067EAD07087}.Debug|Any CPU.Build.0 = Debug|Any CPU
		{E8AF46CC-76DC-4541-A578-5067EAD07087}.Debug|Mixed Platforms.ActiveCfg = Debug|Any CPU
		{E8AF46CC-76DC-4541-A578-5067EAD07087}.Debug|Mixed Platforms.Build.0 = Debug|Any CPU
		{E8AF46CC-76DC-4541-A578-5067EAD07087}.Debug|x64.ActiveCfg = Debug|x64
		{E8AF46CC-76DC-4541-A578-5067EAD07087}.Debug|x64.Build.0 = Debug|x64
		{E8AF46CC-76DC-4541-A578-5067EAD07087}.Debug|x86.ActiveCfg = Debug|Any CPU
		{E8AF46CC-76DC-4541-A578-5067EAD07087}.Debug|x86.Build.0 = Debug|Any CPU
		{E8AF46CC-76DC-4541-A578-5067EAD07087}.Release|Any CPU.ActiveCfg = Release|Any CPU
		{E8AF46CC-76DC-4541-A578-5067EAD07087}.Release|Any CPU.Build.0 = Release|Any CPU
		{E8AF46CC-76DC-4541-A578-5067EAD07087}.Release|Mixed Platforms.ActiveCfg = Release|Any CPU
		{E8AF46CC-76DC-4541-A578-5067EAD07087}.Release|Mixed Platforms.Build.0 = Release|Any CPU
		{E8AF46CC-76DC-4541-A578-5067EAD07087}.Release|x64.ActiveCfg = Release|x64
		{E8AF46CC-76DC-4541-A578-5067EAD07087}.Release|x64.Build.0 = Release|x64
		{E8AF46CC-76DC-4541-A578-5067EAD07087}.Release|x86.ActiveCfg = Release|Any CPU
		{E8AF46CC-76DC-4541-A578-5067EAD07087}.Release|x86.Build.0 = Release|Any CPU
		{B715685D-1603-4CE3-8EA1-552B01C2BA4B}.Debug|Any CPU.ActiveCfg = Debug|Any CPU
		{B715685D-1603-4CE3-8EA1-552B01C2BA4B}.Debug|Any CPU.Build.0 = Debug|Any CPU
		{B715685D-1603-4CE3-8EA1-552B01C2BA4B}.Debug|Mixed Platforms.ActiveCfg = Debug|Any CPU
		{B715685D-1603-4CE3-8EA1-552B01C2BA4B}.Debug|Mixed Platforms.Build.0 = Debug|Any CPU
		{B715685D-1603-4CE3-8EA1-552B01C2BA4B}.Debug|x64.ActiveCfg = Debug|Any CPU
		{B715685D-1603-4CE3-8EA1-552B01C2BA4B}.Debug|x64.Build.0 = Debug|Any CPU
		{B715685D-1603-4CE3-8EA1-552B01C2BA4B}.Debug|x86.ActiveCfg = Debug|Any CPU
		{B715685D-1603-4CE3-8EA1-552B01C2BA4B}.Debug|x86.Build.0 = Debug|Any CPU
		{B715685D-1603-4CE3-8EA1-552B01C2BA4B}.Release|Any CPU.ActiveCfg = Release|Any CPU
		{B715685D-1603-4CE3-8EA1-552B01C2BA4B}.Release|Any CPU.Build.0 = Release|Any CPU
		{B715685D-1603-4CE3-8EA1-552B01C2BA4B}.Release|Mixed Platforms.ActiveCfg = Release|Any CPU
		{B715685D-1603-4CE3-8EA1-552B01C2BA4B}.Release|Mixed Platforms.Build.0 = Release|Any CPU
		{B715685D-1603-4CE3-8EA1-552B01C2BA4B}.Release|x64.ActiveCfg = Release|Any CPU
		{B715685D-1603-4CE3-8EA1-552B01C2BA4B}.Release|x64.Build.0 = Release|Any CPU
		{B715685D-1603-4CE3-8EA1-552B01C2BA4B}.Release|x86.ActiveCfg = Release|Any CPU
		{B715685D-1603-4CE3-8EA1-552B01C2BA4B}.Release|x86.Build.0 = Release|Any CPU
		{B90410AE-BB67-4D7A-B4F5-7209CB357A44}.Debug|Any CPU.ActiveCfg = Debug|Any CPU
		{B90410AE-BB67-4D7A-B4F5-7209CB357A44}.Debug|Any CPU.Build.0 = Debug|Any CPU
		{B90410AE-BB67-4D7A-B4F5-7209CB357A44}.Debug|Mixed Platforms.ActiveCfg = Debug|Any CPU
		{B90410AE-BB67-4D7A-B4F5-7209CB357A44}.Debug|Mixed Platforms.Build.0 = Debug|Any CPU
		{B90410AE-BB67-4D7A-B4F5-7209CB357A44}.Debug|x64.ActiveCfg = Debug|x64
		{B90410AE-BB67-4D7A-B4F5-7209CB357A44}.Debug|x64.Build.0 = Debug|x64
		{B90410AE-BB67-4D7A-B4F5-7209CB357A44}.Debug|x86.ActiveCfg = Debug|Any CPU
		{B90410AE-BB67-4D7A-B4F5-7209CB357A44}.Debug|x86.Build.0 = Debug|Any CPU
		{B90410AE-BB67-4D7A-B4F5-7209CB357A44}.Release|Any CPU.ActiveCfg = Release|Any CPU
		{B90410AE-BB67-4D7A-B4F5-7209CB357A44}.Release|Any CPU.Build.0 = Release|Any CPU
		{B90410AE-BB67-4D7A-B4F5-7209CB357A44}.Release|Mixed Platforms.ActiveCfg = Release|Any CPU
		{B90410AE-BB67-4D7A-B4F5-7209CB357A44}.Release|Mixed Platforms.Build.0 = Release|Any CPU
		{B90410AE-BB67-4D7A-B4F5-7209CB357A44}.Release|x64.ActiveCfg = Release|x64
		{B90410AE-BB67-4D7A-B4F5-7209CB357A44}.Release|x64.Build.0 = Release|x64
		{B90410AE-BB67-4D7A-B4F5-7209CB357A44}.Release|x86.ActiveCfg = Release|Any CPU
		{B90410AE-BB67-4D7A-B4F5-7209CB357A44}.Release|x86.Build.0 = Release|Any CPU
		{50C00928-4B9E-4AFD-92B5-0EAF2CF4FD30}.Debug|Any CPU.ActiveCfg = Debug|Any CPU
		{50C00928-4B9E-4AFD-92B5-0EAF2CF4FD30}.Debug|Any CPU.Build.0 = Debug|Any CPU
		{50C00928-4B9E-4AFD-92B5-0EAF2CF4FD30}.Debug|Mixed Platforms.ActiveCfg = Debug|Any CPU
		{50C00928-4B9E-4AFD-92B5-0EAF2CF4FD30}.Debug|Mixed Platforms.Build.0 = Debug|Any CPU
		{50C00928-4B9E-4AFD-92B5-0EAF2CF4FD30}.Debug|x64.ActiveCfg = Debug|x64
		{50C00928-4B9E-4AFD-92B5-0EAF2CF4FD30}.Debug|x64.Build.0 = Debug|x64
		{50C00928-4B9E-4AFD-92B5-0EAF2CF4FD30}.Debug|x86.ActiveCfg = Debug|Any CPU
		{50C00928-4B9E-4AFD-92B5-0EAF2CF4FD30}.Debug|x86.Build.0 = Debug|Any CPU
		{50C00928-4B9E-4AFD-92B5-0EAF2CF4FD30}.Release|Any CPU.ActiveCfg = Release|Any CPU
		{50C00928-4B9E-4AFD-92B5-0EAF2CF4FD30}.Release|Any CPU.Build.0 = Release|Any CPU
		{50C00928-4B9E-4AFD-92B5-0EAF2CF4FD30}.Release|Mixed Platforms.ActiveCfg = Release|Any CPU
		{50C00928-4B9E-4AFD-92B5-0EAF2CF4FD30}.Release|Mixed Platforms.Build.0 = Release|Any CPU
		{50C00928-4B9E-4AFD-92B5-0EAF2CF4FD30}.Release|x64.ActiveCfg = Release|x64
		{50C00928-4B9E-4AFD-92B5-0EAF2CF4FD30}.Release|x64.Build.0 = Release|x64
		{50C00928-4B9E-4AFD-92B5-0EAF2CF4FD30}.Release|x86.ActiveCfg = Release|Any CPU
		{50C00928-4B9E-4AFD-92B5-0EAF2CF4FD30}.Release|x86.Build.0 = Release|Any CPU
		{B3FC3E21-5F2D-4581-AEA2-59F671CFFC21}.Debug|Any CPU.ActiveCfg = Debug|Any CPU
		{B3FC3E21-5F2D-4581-AEA2-59F671CFFC21}.Debug|Mixed Platforms.ActiveCfg = Debug|Any CPU
		{B3FC3E21-5F2D-4581-AEA2-59F671CFFC21}.Debug|Mixed Platforms.Build.0 = Debug|Any CPU
		{B3FC3E21-5F2D-4581-AEA2-59F671CFFC21}.Debug|x64.ActiveCfg = Debug|Any CPU
		{B3FC3E21-5F2D-4581-AEA2-59F671CFFC21}.Debug|x64.Build.0 = Debug|Any CPU
		{B3FC3E21-5F2D-4581-AEA2-59F671CFFC21}.Debug|x86.ActiveCfg = Debug|Any CPU
		{B3FC3E21-5F2D-4581-AEA2-59F671CFFC21}.Debug|x86.Build.0 = Debug|Any CPU
		{B3FC3E21-5F2D-4581-AEA2-59F671CFFC21}.Release|Any CPU.ActiveCfg = Release|Any CPU
		{B3FC3E21-5F2D-4581-AEA2-59F671CFFC21}.Release|Any CPU.Build.0 = Release|Any CPU
		{B3FC3E21-5F2D-4581-AEA2-59F671CFFC21}.Release|Mixed Platforms.ActiveCfg = Release|Any CPU
		{B3FC3E21-5F2D-4581-AEA2-59F671CFFC21}.Release|Mixed Platforms.Build.0 = Release|Any CPU
		{B3FC3E21-5F2D-4581-AEA2-59F671CFFC21}.Release|x64.ActiveCfg = Release|Any CPU
		{B3FC3E21-5F2D-4581-AEA2-59F671CFFC21}.Release|x64.Build.0 = Release|Any CPU
		{B3FC3E21-5F2D-4581-AEA2-59F671CFFC21}.Release|x86.ActiveCfg = Release|Any CPU
		{B3FC3E21-5F2D-4581-AEA2-59F671CFFC21}.Release|x86.Build.0 = Release|Any CPU
		{89286EB4-B4A1-418C-839A-067B00F442D8}.Debug|Any CPU.ActiveCfg = Debug|Any CPU
		{89286EB4-B4A1-418C-839A-067B00F442D8}.Debug|Mixed Platforms.ActiveCfg = Debug|Any CPU
		{89286EB4-B4A1-418C-839A-067B00F442D8}.Debug|Mixed Platforms.Build.0 = Debug|Any CPU
		{89286EB4-B4A1-418C-839A-067B00F442D8}.Debug|x64.ActiveCfg = Debug|Any CPU
		{89286EB4-B4A1-418C-839A-067B00F442D8}.Debug|x64.Build.0 = Debug|Any CPU
		{89286EB4-B4A1-418C-839A-067B00F442D8}.Debug|x86.ActiveCfg = Debug|Any CPU
		{89286EB4-B4A1-418C-839A-067B00F442D8}.Debug|x86.Build.0 = Debug|Any CPU
		{89286EB4-B4A1-418C-839A-067B00F442D8}.Release|Any CPU.ActiveCfg = Release|Any CPU
		{89286EB4-B4A1-418C-839A-067B00F442D8}.Release|Any CPU.Build.0 = Release|Any CPU
		{89286EB4-B4A1-418C-839A-067B00F442D8}.Release|Mixed Platforms.ActiveCfg = Release|Any CPU
		{89286EB4-B4A1-418C-839A-067B00F442D8}.Release|Mixed Platforms.Build.0 = Release|Any CPU
		{89286EB4-B4A1-418C-839A-067B00F442D8}.Release|x64.ActiveCfg = Release|Any CPU
		{89286EB4-B4A1-418C-839A-067B00F442D8}.Release|x64.Build.0 = Release|Any CPU
		{89286EB4-B4A1-418C-839A-067B00F442D8}.Release|x86.ActiveCfg = Release|Any CPU
		{89286EB4-B4A1-418C-839A-067B00F442D8}.Release|x86.Build.0 = Release|Any CPU
		{BA72CCE0-A9FB-4995-B496-7FEC5C87B85B}.Debug|Any CPU.ActiveCfg = Debug|Any CPU
		{BA72CCE0-A9FB-4995-B496-7FEC5C87B85B}.Debug|Mixed Platforms.ActiveCfg = Debug|Any CPU
		{BA72CCE0-A9FB-4995-B496-7FEC5C87B85B}.Debug|Mixed Platforms.Build.0 = Debug|Any CPU
		{BA72CCE0-A9FB-4995-B496-7FEC5C87B85B}.Debug|x64.ActiveCfg = Debug|Any CPU
		{BA72CCE0-A9FB-4995-B496-7FEC5C87B85B}.Debug|x64.Build.0 = Debug|Any CPU
		{BA72CCE0-A9FB-4995-B496-7FEC5C87B85B}.Debug|x86.ActiveCfg = Debug|Any CPU
		{BA72CCE0-A9FB-4995-B496-7FEC5C87B85B}.Debug|x86.Build.0 = Debug|Any CPU
		{BA72CCE0-A9FB-4995-B496-7FEC5C87B85B}.Release|Any CPU.ActiveCfg = Release|Any CPU
		{BA72CCE0-A9FB-4995-B496-7FEC5C87B85B}.Release|Any CPU.Build.0 = Release|Any CPU
		{BA72CCE0-A9FB-4995-B496-7FEC5C87B85B}.Release|Mixed Platforms.ActiveCfg = Release|Any CPU
		{BA72CCE0-A9FB-4995-B496-7FEC5C87B85B}.Release|Mixed Platforms.Build.0 = Release|Any CPU
		{BA72CCE0-A9FB-4995-B496-7FEC5C87B85B}.Release|x64.ActiveCfg = Release|Any CPU
		{BA72CCE0-A9FB-4995-B496-7FEC5C87B85B}.Release|x64.Build.0 = Release|Any CPU
		{BA72CCE0-A9FB-4995-B496-7FEC5C87B85B}.Release|x86.ActiveCfg = Release|Any CPU
		{BA72CCE0-A9FB-4995-B496-7FEC5C87B85B}.Release|x86.Build.0 = Release|Any CPU
	EndGlobalSection
	GlobalSection(SolutionProperties) = preSolution
		HideSolutionNode = FALSE
	EndGlobalSection
	GlobalSection(NestedProjects) = preSolution
		{B3FC3E21-5F2D-4581-AEA2-59F671CFFC21} = {8976E4A6-FF5F-44C5-AC57-FEDA249DD199}
		{89286EB4-B4A1-418C-839A-067B00F442D8} = {8976E4A6-FF5F-44C5-AC57-FEDA249DD199}
		{BA72CCE0-A9FB-4995-B496-7FEC5C87B85B} = {8976E4A6-FF5F-44C5-AC57-FEDA249DD199}
	EndGlobalSection
	GlobalSection(ExtensibilityGlobals) = postSolution
		SolutionGuid = {C4738C61-E0E6-41B5-A80D-0A3506448933}
	EndGlobalSection
EndGlobal
