
Microsoft Visual Studio Solution File, Format Version 12.00
# Visual Studio 2013
VisualStudioVersion = 12.0.30723.0
MinimumVisualStudioVersion = 10.0.40219.1
Project("{FAE04EC0-301F-11D3-BF4B-00C04F79EFBC}") = "GameFormatReader", "GameFormatReader\GameFormatReader.csproj", "{AFCE536D-92FF-4EE5-8536-731D2CD5FBCA}"
EndProject
Global
	GlobalSection(SolutionConfigurationPlatforms) = preSolution
		Debug|Any CPU = Debug|Any CPU
		Release|Any CPU = Release|Any CPU
	EndGlobalSection
	GlobalSection(ProjectConfigurationPlatforms) = postSolution
		{AFCE536D-92FF-4EE5-8536-731D2CD5FBCA}.Debug|Any CPU.ActiveCfg = Debug|Any CPU
		{AFCE536D-92FF-4EE5-8536-731D2CD5FBCA}.Debug|Any CPU.Build.0 = Debug|Any CPU
		{AFCE536D-92FF-4EE5-8536-731D2CD5FBCA}.Release|Any CPU.ActiveCfg = Release|Any CPU
		{AFCE536D-92FF-4EE5-8536-731D2CD5FBCA}.Release|Any CPU.Build.0 = Release|Any CPU
	EndGlobalSection
	GlobalSection(SolutionProperties) = preSolution
		HideSolutionNode = FALSE
	EndGlobalSection
EndGlobal
